
Microsoft Visual Studio Solution File, Format Version 12.00
# Visual Studio Version 17
VisualStudioVersion = 17.9.34607.119
MinimumVisualStudioVersion = 10.0.40219.1
Project("{FAE04EC0-301F-11D3-BF4B-00C04F79EFBC}") = "WindowsFormsApp1", "WindowsFormsApp1\WindowsFormsApp1.csproj", "{FBE0EA0F-9970-413E-BF7E-EB9BB335B899}"
EndProject
Global
	GlobalSection(SolutionConfigurationPlatforms) = preSolution
		Debug|Any CPU = Debug|Any CPU
		Release|Any CPU = Release|Any CPU
	EndGlobalSection
	GlobalSection(ProjectConfigurationPlatforms) = postSolution
		{FBE0EA0F-9970-413E-BF7E-EB9BB335B899}.Debug|Any CPU.ActiveCfg = Debug|Any CPU
		{FBE0EA0F-9970-413E-BF7E-EB9BB335B899}.Debug|Any CPU.Build.0 = Debug|Any CPU
		{FBE0EA0F-9970-413E-BF7E-EB9BB335B899}.Release|Any CPU.ActiveCfg = Release|Any CPU
		{FBE0EA0F-9970-413E-BF7E-EB9BB335B899}.Release|Any CPU.Build.0 = Release|Any CPU
	EndGlobalSection
	GlobalSection(SolutionProperties) = preSolution
		HideSolutionNode = FALSE
	EndGlobalSection
	GlobalSection(ExtensibilityGlobals) = postSolution
		SolutionGuid = {54451796-3294-4314-87C3-A37D3C36D463}
	EndGlobalSection
EndGlobal
